// !$*UTF8*$!
{
	archiveVersion = 1;
	classes = {
	};
	objectVersion = 56;
	objects = {

/* Begin PBXBuildFile section */
		1715CE282D45415300D5344F /* MockNetworkEngine.swift in Sources */ = {isa = PBXBuildFile; fileRef = 1715CE272D45415300D5344F /* MockNetworkEngine.swift */; };
		1715CE2A2D4541C300D5344F /* CartManagerTests.swift in Sources */ = {isa = PBXBuildFile; fileRef = 1715CE292D4541C300D5344F /* CartManagerTests.swift */; };
		1715CE2C2D4541E800D5344F /* MockCartManagerDelegate.swift in Sources */ = {isa = PBXBuildFile; fileRef = 1715CE2B2D4541E800D5344F /* MockCartManagerDelegate.swift */; };
		17DBDA802D45394100B21AED /* CartManager.swift in Sources */ = {isa = PBXBuildFile; fileRef = 17DBDA7F2D45394100B21AED /* CartManager.swift */; };
		17DBDA832D45397E00B21AED /* NetworkEngine.swift in Sources */ = {isa = PBXBuildFile; fileRef = 17DBDA822D45397E00B21AED /* NetworkEngine.swift */; };
		17DBDA852D4539C700B21AED /* ProductManager.swift in Sources */ = {isa = PBXBuildFile; fileRef = 17DBDA842D4539C700B21AED /* ProductManager.swift */; };
		17DBDA872D453AF400B21AED /* APIRequest.swift in Sources */ = {isa = PBXBuildFile; fileRef = 17DBDA862D453AF400B21AED /* APIRequest.swift */; };
		17E77EF92D45388E00BFA1A2 /* AppUnitTestApp.swift in Sources */ = {isa = PBXBuildFile; fileRef = 17E77EF82D45388E00BFA1A2 /* AppUnitTestApp.swift */; };
		17E77EFB2D45388E00BFA1A2 /* ContentView.swift in Sources */ = {isa = PBXBuildFile; fileRef = 17E77EFA2D45388E00BFA1A2 /* ContentView.swift */; };
		17E77EFD2D45389200BFA1A2 /* Assets.xcassets in Resources */ = {isa = PBXBuildFile; fileRef = 17E77EFC2D45389200BFA1A2 /* Assets.xcassets */; };
		17E77F002D45389200BFA1A2 /* Preview Assets.xcassets in Resources */ = {isa = PBXBuildFile; fileRef = 17E77EFF2D45389200BFA1A2 /* Preview Assets.xcassets */; };
		17E77F0A2D45389200BFA1A2 /* ProductManagerTests.swift in Sources */ = {isa = PBXBuildFile; fileRef = 17E77F092D45389200BFA1A2 /* ProductManagerTests.swift */; };
		17E77F142D45389200BFA1A2 /* AppUnitTestUITests.swift in Sources */ = {isa = PBXBuildFile; fileRef = 17E77F132D45389200BFA1A2 /* AppUnitTestUITests.swift */; };
		17E77F162D45389200BFA1A2 /* AppUnitTestUITestsLaunchTests.swift in Sources */ = {isa = PBXBuildFile; fileRef = 17E77F152D45389200BFA1A2 /* AppUnitTestUITestsLaunchTests.swift */; };
/* End PBXBuildFile section */

/* Begin PBXContainerItemProxy section */
		17E77F062D45389200BFA1A2 /* PBXContainerItemProxy */ = {
			isa = PBXContainerItemProxy;
			containerPortal = 17E77EED2D45388E00BFA1A2 /* Project object */;
			proxyType = 1;
			remoteGlobalIDString = 17E77EF42D45388E00BFA1A2;
			remoteInfo = AppUnitTest;
		};
		17E77F102D45389200BFA1A2 /* PBXContainerItemProxy */ = {
			isa = PBXContainerItemProxy;
			containerPortal = 17E77EED2D45388E00BFA1A2 /* Project object */;
			proxyType = 1;
			remoteGlobalIDString = 17E77EF42D45388E00BFA1A2;
			remoteInfo = AppUnitTest;
		};
/* End PBXContainerItemProxy section */

/* Begin PBXFileReference section */
		1715CE272D45415300D5344F /* MockNetworkEngine.swift */ = {isa = PBXFileReference; lastKnownFileType = sourcecode.swift; path = MockNetworkEngine.swift; sourceTree = "<group>"; };
		1715CE292D4541C300D5344F /* CartManagerTests.swift */ = {isa = PBXFileReference; lastKnownFileType = sourcecode.swift; path = CartManagerTests.swift; sourceTree = "<group>"; };
		1715CE2B2D4541E800D5344F /* MockCartManagerDelegate.swift */ = {isa = PBXFileReference; lastKnownFileType = sourcecode.swift; path = MockCartManagerDelegate.swift; sourceTree = "<group>"; };
		17DBDA7F2D45394100B21AED /* CartManager.swift */ = {isa = PBXFileReference; lastKnownFileType = sourcecode.swift; path = CartManager.swift; sourceTree = "<group>"; };
		17DBDA822D45397E00B21AED /* NetworkEngine.swift */ = {isa = PBXFileReference; lastKnownFileType = sourcecode.swift; path = NetworkEngine.swift; sourceTree = "<group>"; };
		17DBDA842D4539C700B21AED /* ProductManager.swift */ = {isa = PBXFileReference; lastKnownFileType = sourcecode.swift; path = ProductManager.swift; sourceTree = "<group>"; };
		17DBDA862D453AF400B21AED /* APIRequest.swift */ = {isa = PBXFileReference; lastKnownFileType = sourcecode.swift; path = APIRequest.swift; sourceTree = "<group>"; };
		17E77EF52D45388E00BFA1A2 /* AppUnitTest.app */ = {isa = PBXFileReference; explicitFileType = wrapper.application; includeInIndex = 0; path = AppUnitTest.app; sourceTree = BUILT_PRODUCTS_DIR; };
		17E77EF82D45388E00BFA1A2 /* AppUnitTestApp.swift */ = {isa = PBXFileReference; lastKnownFileType = sourcecode.swift; path = AppUnitTestApp.swift; sourceTree = "<group>"; };
		17E77EFA2D45388E00BFA1A2 /* ContentView.swift */ = {isa = PBXFileReference; lastKnownFileType = sourcecode.swift; path = ContentView.swift; sourceTree = "<group>"; };
		17E77EFC2D45389200BFA1A2 /* Assets.xcassets */ = {isa = PBXFileReference; lastKnownFileType = folder.assetcatalog; path = Assets.xcassets; sourceTree = "<group>"; };
		17E77EFF2D45389200BFA1A2 /* Preview Assets.xcassets */ = {isa = PBXFileReference; lastKnownFileType = folder.assetcatalog; path = "Preview Assets.xcassets"; sourceTree = "<group>"; };
		17E77F052D45389200BFA1A2 /* AppUnitTestTests.xctest */ = {isa = PBXFileReference; explicitFileType = wrapper.cfbundle; includeInIndex = 0; path = AppUnitTestTests.xctest; sourceTree = BUILT_PRODUCTS_DIR; };
		17E77F092D45389200BFA1A2 /* ProductManagerTests.swift */ = {isa = PBXFileReference; lastKnownFileType = sourcecode.swift; path = ProductManagerTests.swift; sourceTree = "<group>"; };
		17E77F0F2D45389200BFA1A2 /* AppUnitTestUITests.xctest */ = {isa = PBXFileReference; explicitFileType = wrapper.cfbundle; includeInIndex = 0; path = AppUnitTestUITests.xctest; sourceTree = BUILT_PRODUCTS_DIR; };
		17E77F132D45389200BFA1A2 /* AppUnitTestUITests.swift */ = {isa = PBXFileReference; lastKnownFileType = sourcecode.swift; path = AppUnitTestUITests.swift; sourceTree = "<group>"; };
		17E77F152D45389200BFA1A2 /* AppUnitTestUITestsLaunchTests.swift */ = {isa = PBXFileReference; lastKnownFileType = sourcecode.swift; path = AppUnitTestUITestsLaunchTests.swift; sourceTree = "<group>"; };
/* End PBXFileReference section */

/* Begin PBXFrameworksBuildPhase section */
		17E77EF22D45388E00BFA1A2 /* Frameworks */ = {
			isa = PBXFrameworksBuildPhase;
			buildActionMask = 2147483647;
			files = (
			);
			runOnlyForDeploymentPostprocessing = 0;
		};
		17E77F022D45389200BFA1A2 /* Frameworks */ = {
			isa = PBXFrameworksBuildPhase;
			buildActionMask = 2147483647;
			files = (
			);
			runOnlyForDeploymentPostprocessing = 0;
		};
		17E77F0C2D45389200BFA1A2 /* Frameworks */ = {
			isa = PBXFrameworksBuildPhase;
			buildActionMask = 2147483647;
			files = (
			);
			runOnlyForDeploymentPostprocessing = 0;
		};
/* End PBXFrameworksBuildPhase section */

/* Begin PBXGroup section */
		1715CE262D45414700D5344F /* Mock */ = {
			isa = PBXGroup;
			children = (
				1715CE272D45415300D5344F /* MockNetworkEngine.swift */,
				1715CE2B2D4541E800D5344F /* MockCartManagerDelegate.swift */,
			);
			path = Mock;
			sourceTree = "<group>";
		};
		17DBDA7E2D45393200B21AED /* Cart */ = {
			isa = PBXGroup;
			children = (
				17DBDA812D45396700B21AED /* NetworkManager */,
				17DBDA7F2D45394100B21AED /* CartManager.swift */,
				17DBDA842D4539C700B21AED /* ProductManager.swift */,
			);
			path = Cart;
			sourceTree = "<group>";
		};
		17DBDA812D45396700B21AED /* NetworkManager */ = {
			isa = PBXGroup;
			children = (
				17DBDA822D45397E00B21AED /* NetworkEngine.swift */,
				17DBDA862D453AF400B21AED /* APIRequest.swift */,
			);
			path = NetworkManager;
			sourceTree = "<group>";
		};
		17E77EEC2D45388E00BFA1A2 = {
			isa = PBXGroup;
			children = (
				17E77EF72D45388E00BFA1A2 /* AppUnitTest */,
				17E77F082D45389200BFA1A2 /* AppUnitTestTests */,
				17E77F122D45389200BFA1A2 /* AppUnitTestUITests */,
				17E77EF62D45388E00BFA1A2 /* Products */,
			);
			sourceTree = "<group>";
		};
		17E77EF62D45388E00BFA1A2 /* Products */ = {
			isa = PBXGroup;
			children = (
				17E77EF52D45388E00BFA1A2 /* AppUnitTest.app */,
				17E77F052D45389200BFA1A2 /* AppUnitTestTests.xctest */,
				17E77F0F2D45389200BFA1A2 /* AppUnitTestUITests.xctest */,
			);
			name = Products;
			sourceTree = "<group>";
		};
		17E77EF72D45388E00BFA1A2 /* AppUnitTest */ = {
			isa = PBXGroup;
			children = (
				17E77EF82D45388E00BFA1A2 /* AppUnitTestApp.swift */,
				17E77EFA2D45388E00BFA1A2 /* ContentView.swift */,
				17DBDA7E2D45393200B21AED /* Cart */,
				17E77EFC2D45389200BFA1A2 /* Assets.xcassets */,
				17E77EFE2D45389200BFA1A2 /* Preview Content */,
			);
			path = AppUnitTest;
			sourceTree = "<group>";
		};
		17E77EFE2D45389200BFA1A2 /* Preview Content */ = {
			isa = PBXGroup;
			children = (
				17E77EFF2D45389200BFA1A2 /* Preview Assets.xcassets */,
			);
			path = "Preview Content";
			sourceTree = "<group>";
		};
		17E77F082D45389200BFA1A2 /* AppUnitTestTests */ = {
			isa = PBXGroup;
			children = (
				1715CE262D45414700D5344F /* Mock */,
				17E77F092D45389200BFA1A2 /* ProductManagerTests.swift */,
				1715CE292D4541C300D5344F /* CartManagerTests.swift */,
			);
			path = AppUnitTestTests;
			sourceTree = "<group>";
		};
		17E77F122D45389200BFA1A2 /* AppUnitTestUITests */ = {
			isa = PBXGroup;
			children = (
				17E77F132D45389200BFA1A2 /* AppUnitTestUITests.swift */,
				17E77F152D45389200BFA1A2 /* AppUnitTestUITestsLaunchTests.swift */,
			);
			path = AppUnitTestUITests;
			sourceTree = "<group>";
		};
/* End PBXGroup section */

/* Begin PBXNativeTarget section */
		17E77EF42D45388E00BFA1A2 /* AppUnitTest */ = {
			isa = PBXNativeTarget;
			buildConfigurationList = 17E77F192D45389200BFA1A2 /* Build configuration list for PBXNativeTarget "AppUnitTest" */;
			buildPhases = (
				17E77EF12D45388E00BFA1A2 /* Sources */,
				17E77EF22D45388E00BFA1A2 /* Frameworks */,
				17E77EF32D45388E00BFA1A2 /* Resources */,
			);
			buildRules = (
			);
			dependencies = (
			);
			name = AppUnitTest;
			productName = AppUnitTest;
			productReference = 17E77EF52D45388E00BFA1A2 /* AppUnitTest.app */;
			productType = "com.apple.product-type.application";
		};
		17E77F042D45389200BFA1A2 /* AppUnitTestTests */ = {
			isa = PBXNativeTarget;
			buildConfigurationList = 17E77F1C2D45389200BFA1A2 /* Build configuration list for PBXNativeTarget "AppUnitTestTests" */;
			buildPhases = (
				17E77F012D45389200BFA1A2 /* Sources */,
				17E77F022D45389200BFA1A2 /* Frameworks */,
				17E77F032D45389200BFA1A2 /* Resources */,
			);
			buildRules = (
			);
			dependencies = (
				17E77F072D45389200BFA1A2 /* PBXTargetDependency */,
			);
			name = AppUnitTestTests;
			productName = AppUnitTestTests;
			productReference = 17E77F052D45389200BFA1A2 /* AppUnitTestTests.xctest */;
			productType = "com.apple.product-type.bundle.unit-test";
		};
		17E77F0E2D45389200BFA1A2 /* AppUnitTestUITests */ = {
			isa = PBXNativeTarget;
			buildConfigurationList = 17E77F1F2D45389200BFA1A2 /* Build configuration list for PBXNativeTarget "AppUnitTestUITests" */;
			buildPhases = (
				17E77F0B2D45389200BFA1A2 /* Sources */,
				17E77F0C2D45389200BFA1A2 /* Frameworks */,
				17E77F0D2D45389200BFA1A2 /* Resources */,
			);
			buildRules = (
			);
			dependencies = (
				17E77F112D45389200BFA1A2 /* PBXTargetDependency */,
			);
			name = AppUnitTestUITests;
			productName = AppUnitTestUITests;
			productReference = 17E77F0F2D45389200BFA1A2 /* AppUnitTestUITests.xctest */;
			productType = "com.apple.product-type.bundle.ui-testing";
		};
/* End PBXNativeTarget section */

/* Begin PBXProject section */
		17E77EED2D45388E00BFA1A2 /* Project object */ = {
			isa = PBXProject;
			attributes = {
				BuildIndependentTargetsInParallel = 1;
				LastSwiftUpdateCheck = 1500;
				LastUpgradeCheck = 1500;
				TargetAttributes = {
					17E77EF42D45388E00BFA1A2 = {
						CreatedOnToolsVersion = 15.0.1;
					};
					17E77F042D45389200BFA1A2 = {
						CreatedOnToolsVersion = 15.0.1;
						TestTargetID = 17E77EF42D45388E00BFA1A2;
					};
					17E77F0E2D45389200BFA1A2 = {
						CreatedOnToolsVersion = 15.0.1;
						TestTargetID = 17E77EF42D45388E00BFA1A2;
					};
				};
			};
			buildConfigurationList = 17E77EF02D45388E00BFA1A2 /* Build configuration list for PBXProject "AppUnitTest" */;
			compatibilityVersion = "Xcode 14.0";
			developmentRegion = en;
			hasScannedForEncodings = 0;
			knownRegions = (
				en,
				Base,
			);
			mainGroup = 17E77EEC2D45388E00BFA1A2;
			productRefGroup = 17E77EF62D45388E00BFA1A2 /* Products */;
			projectDirPath = "";
			projectRoot = "";
			targets = (
				17E77EF42D45388E00BFA1A2 /* AppUnitTest */,
				17E77F042D45389200BFA1A2 /* AppUnitTestTests */,
				17E77F0E2D45389200BFA1A2 /* AppUnitTestUITests */,
			);
		};
/* End PBXProject section */

/* Begin PBXResourcesBuildPhase section */
		17E77EF32D45388E00BFA1A2 /* Resources */ = {
			isa = PBXResourcesBuildPhase;
			buildActionMask = 2147483647;
			files = (
				17E77F002D45389200BFA1A2 /* Preview Assets.xcassets in Resources */,
				17E77EFD2D45389200BFA1A2 /* Assets.xcassets in Resources */,
			);
			runOnlyForDeploymentPostprocessing = 0;
		};
		17E77F032D45389200BFA1A2 /* Resources */ = {
			isa = PBXResourcesBuildPhase;
			buildActionMask = 2147483647;
			files = (
			);
			runOnlyForDeploymentPostprocessing = 0;
		};
		17E77F0D2D45389200BFA1A2 /* Resources */ = {
			isa = PBXResourcesBuildPhase;
			buildActionMask = 2147483647;
			files = (
			);
			runOnlyForDeploymentPostprocessing = 0;
		};
/* End PBXResourcesBuildPhase section */

/* Begin PBXSourcesBuildPhase section */
		17E77EF12D45388E00BFA1A2 /* Sources */ = {
			isa = PBXSourcesBuildPhase;
			buildActionMask = 2147483647;
			files = (
				17E77EFB2D45388E00BFA1A2 /* ContentView.swift in Sources */,
				17DBDA852D4539C700B21AED /* ProductManager.swift in Sources */,
				17DBDA802D45394100B21AED /* CartManager.swift in Sources */,
				17DBDA832D45397E00B21AED /* NetworkEngine.swift in Sources */,
				17DBDA872D453AF400B21AED /* APIRequest.swift in Sources */,
				17E77EF92D45388E00BFA1A2 /* AppUnitTestApp.swift in Sources */,
			);
			runOnlyForDeploymentPostprocessing = 0;
		};
		17E77F012D45389200BFA1A2 /* Sources */ = {
			isa = PBXSourcesBuildPhase;
			buildActionMask = 2147483647;
			files = (
				1715CE2A2D4541C300D5344F /* CartManagerTests.swift in Sources */,
				1715CE282D45415300D5344F /* MockNetworkEngine.swift in Sources */,
				1715CE2C2D4541E800D5344F /* MockCartManagerDelegate.swift in Sources */,
				17E77F0A2D45389200BFA1A2 /* ProductManagerTests.swift in Sources */,
			);
			runOnlyForDeploymentPostprocessing = 0;
		};
		17E77F0B2D45389200BFA1A2 /* Sources */ = {
			isa = PBXSourcesBuildPhase;
			buildActionMask = 2147483647;
			files = (
				17E77F162D45389200BFA1A2 /* AppUnitTestUITestsLaunchTests.swift in Sources */,
				17E77F142D45389200BFA1A2 /* AppUnitTestUITests.swift in Sources */,
			);
			runOnlyForDeploymentPostprocessing = 0;
		};
/* End PBXSourcesBuildPhase section */

/* Begin PBXTargetDependency section */
		17E77F072D45389200BFA1A2 /* PBXTargetDependency */ = {
			isa = PBXTargetDependency;
			target = 17E77EF42D45388E00BFA1A2 /* AppUnitTest */;
			targetProxy = 17E77F062D45389200BFA1A2 /* PBXContainerItemProxy */;
		};
		17E77F112D45389200BFA1A2 /* PBXTargetDependency */ = {
			isa = PBXTargetDependency;
			target = 17E77EF42D45388E00BFA1A2 /* AppUnitTest */;
			targetProxy = 17E77F102D45389200BFA1A2 /* PBXContainerItemProxy */;
		};
/* End PBXTargetDependency section */

/* Begin XCBuildConfiguration section */
		17E77F172D45389200BFA1A2 /* Debug */ = {
			isa = XCBuildConfiguration;
			buildSettings = {
				ALWAYS_SEARCH_USER_PATHS = NO;
				ASSETCATALOG_COMPILER_GENERATE_SWIFT_ASSET_SYMBOL_EXTENSIONS = YES;
				CLANG_ANALYZER_NONNULL = YES;
				CLANG_ANALYZER_NUMBER_OBJECT_CONVERSION = YES_AGGRESSIVE;
				CLANG_CXX_LANGUAGE_STANDARD = "gnu++20";
				CLANG_ENABLE_MODULES = YES;
				CLANG_ENABLE_OBJC_ARC = YES;
				CLANG_ENABLE_OBJC_WEAK = YES;
				CLANG_WARN_BLOCK_CAPTURE_AUTORELEASING = YES;
				CLANG_WARN_BOOL_CONVERSION = YES;
				CLANG_WARN_COMMA = YES;
				CLANG_WARN_CONSTANT_CONVERSION = YES;
				CLANG_WARN_DEPRECATED_OBJC_IMPLEMENTATIONS = YES;
				CLANG_WARN_DIRECT_OBJC_ISA_USAGE = YES_ERROR;
				CLANG_WARN_DOCUMENTATION_COMMENTS = YES;
				CLANG_WARN_EMPTY_BODY = YES;
				CLANG_WARN_ENUM_CONVERSION = YES;
				CLANG_WARN_INFINITE_RECURSION = YES;
				CLANG_WARN_INT_CONVERSION = YES;
				CLANG_WARN_NON_LITERAL_NULL_CONVERSION = YES;
				CLANG_WARN_OBJC_IMPLICIT_RETAIN_SELF = YES;
				CLANG_WARN_OBJC_LITERAL_CONVERSION = YES;
				CLANG_WARN_OBJC_ROOT_CLASS = YES_ERROR;
				CLANG_WARN_QUOTED_INCLUDE_IN_FRAMEWORK_HEADER = YES;
				CLANG_WARN_RANGE_LOOP_ANALYSIS = YES;
				CLANG_WARN_STRICT_PROTOTYPES = YES;
				CLANG_WARN_SUSPICIOUS_MOVE = YES;
				CLANG_WARN_UNGUARDED_AVAILABILITY = YES_AGGRESSIVE;
				CLANG_WARN_UNREACHABLE_CODE = YES;
				CLANG_WARN__DUPLICATE_METHOD_MATCH = YES;
				COPY_PHASE_STRIP = NO;
				DEBUG_INFORMATION_FORMAT = dwarf;
				ENABLE_STRICT_OBJC_MSGSEND = YES;
				ENABLE_TESTABILITY = YES;
				ENABLE_USER_SCRIPT_SANDBOXING = YES;
				GCC_C_LANGUAGE_STANDARD = gnu17;
				GCC_DYNAMIC_NO_PIC = NO;
				GCC_NO_COMMON_BLOCKS = YES;
				GCC_OPTIMIZATION_LEVEL = 0;
				GCC_PREPROCESSOR_DEFINITIONS = (
					"DEBUG=1",
					"$(inherited)",
				);
				GCC_WARN_64_TO_32_BIT_CONVERSION = YES;
				GCC_WARN_ABOUT_RETURN_TYPE = YES_ERROR;
				GCC_WARN_UNDECLARED_SELECTOR = YES;
				GCC_WARN_UNINITIALIZED_AUTOS = YES_AGGRESSIVE;
				GCC_WARN_UNUSED_FUNCTION = YES;
				GCC_WARN_UNUSED_VARIABLE = YES;
				IPHONEOS_DEPLOYMENT_TARGET = 17.0;
				LOCALIZATION_PREFERS_STRING_CATALOGS = YES;
				MTL_ENABLE_DEBUG_INFO = INCLUDE_SOURCE;
				MTL_FAST_MATH = YES;
				ONLY_ACTIVE_ARCH = YES;
				SDKROOT = iphoneos;
				SWIFT_ACTIVE_COMPILATION_CONDITIONS = "DEBUG $(inherited)";
				SWIFT_OPTIMIZATION_LEVEL = "-Onone";
			};
			name = Debug;
		};
		17E77F182D45389200BFA1A2 /* Release */ = {
			isa = XCBuildConfiguration;
			buildSettings = {
				ALWAYS_SEARCH_USER_PATHS = NO;
				ASSETCATALOG_COMPILER_GENERATE_SWIFT_ASSET_SYMBOL_EXTENSIONS = YES;
				CLANG_ANALYZER_NONNULL = YES;
				CLANG_ANALYZER_NUMBER_OBJECT_CONVERSION = YES_AGGRESSIVE;
				CLANG_CXX_LANGUAGE_STANDARD = "gnu++20";
				CLANG_ENABLE_MODULES = YES;
				CLANG_ENABLE_OBJC_ARC = YES;
				CLANG_ENABLE_OBJC_WEAK = YES;
				CLANG_WARN_BLOCK_CAPTURE_AUTORELEASING = YES;
				CLANG_WARN_BOOL_CONVERSION = YES;
				CLANG_WARN_COMMA = YES;
				CLANG_WARN_CONSTANT_CONVERSION = YES;
				CLANG_WARN_DEPRECATED_OBJC_IMPLEMENTATIONS = YES;
				CLANG_WARN_DIRECT_OBJC_ISA_USAGE = YES_ERROR;
				CLANG_WARN_DOCUMENTATION_COMMENTS = YES;
				CLANG_WARN_EMPTY_BODY = YES;
				CLANG_WARN_ENUM_CONVERSION = YES;
				CLANG_WARN_INFINITE_RECURSION = YES;
				CLANG_WARN_INT_CONVERSION = YES;
				CLANG_WARN_NON_LITERAL_NULL_CONVERSION = YES;
				CLANG_WARN_OBJC_IMPLICIT_RETAIN_SELF = YES;
				CLANG_WARN_OBJC_LITERAL_CONVERSION = YES;
				CLANG_WARN_OBJC_ROOT_CLASS = YES_ERROR;
				CLANG_WARN_QUOTED_INCLUDE_IN_FRAMEWORK_HEADER = YES;
				CLANG_WARN_RANGE_LOOP_ANALYSIS = YES;
				CLANG_WARN_STRICT_PROTOTYPES = YES;
				CLANG_WARN_SUSPICIOUS_MOVE = YES;
				CLANG_WARN_UNGUARDED_AVAILABILITY = YES_AGGRESSIVE;
				CLANG_WARN_UNREACHABLE_CODE = YES;
				CLANG_WARN__DUPLICATE_METHOD_MATCH = YES;
				COPY_PHASE_STRIP = NO;
				DEBUG_INFORMATION_FORMAT = "dwarf-with-dsym";
				ENABLE_NS_ASSERTIONS = NO;
				ENABLE_STRICT_OBJC_MSGSEND = YES;
				ENABLE_USER_SCRIPT_SANDBOXING = YES;
				GCC_C_LANGUAGE_STANDARD = gnu17;
				GCC_NO_COMMON_BLOCKS = YES;
				GCC_WARN_64_TO_32_BIT_CONVERSION = YES;
				GCC_WARN_ABOUT_RETURN_TYPE = YES_ERROR;
				GCC_WARN_UNDECLARED_SELECTOR = YES;
				GCC_WARN_UNINITIALIZED_AUTOS = YES_AGGRESSIVE;
				GCC_WARN_UNUSED_FUNCTION = YES;
				GCC_WARN_UNUSED_VARIABLE = YES;
				IPHONEOS_DEPLOYMENT_TARGET = 17.0;
				LOCALIZATION_PREFERS_STRING_CATALOGS = YES;
				MTL_ENABLE_DEBUG_INFO = NO;
				MTL_FAST_MATH = YES;
				SDKROOT = iphoneos;
				SWIFT_COMPILATION_MODE = wholemodule;
				VALIDATE_PRODUCT = YES;
			};
			name = Release;
		};
		17E77F1A2D45389200BFA1A2 /* Debug */ = {
			isa = XCBuildConfiguration;
			buildSettings = {
				ASSETCATALOG_COMPILER_APPICON_NAME = AppIcon;
				ASSETCATALOG_COMPILER_GLOBAL_ACCENT_COLOR_NAME = AccentColor;
				CODE_SIGN_STYLE = Automatic;
				CURRENT_PROJECT_VERSION = 1;
				DEVELOPMENT_ASSET_PATHS = "\"AppUnitTest/Preview Content\"";
				ENABLE_PREVIEWS = YES;
				GENERATE_INFOPLIST_FILE = YES;
				INFOPLIST_KEY_UIApplicationSceneManifest_Generation = YES;
				INFOPLIST_KEY_UIApplicationSupportsIndirectInputEvents = YES;
				INFOPLIST_KEY_UILaunchScreen_Generation = YES;
				INFOPLIST_KEY_UISupportedInterfaceOrientations_iPad = "UIInterfaceOrientationPortrait UIInterfaceOrientationPortraitUpsideDown UIInterfaceOrientationLandscapeLeft UIInterfaceOrientationLandscapeRight";
				INFOPLIST_KEY_UISupportedInterfaceOrientations_iPhone = "UIInterfaceOrientationPortrait UIInterfaceOrientationLandscapeLeft UIInterfaceOrientationLandscapeRight";
				LD_RUNPATH_SEARCH_PATHS = (
					"$(inherited)",
					"@executable_path/Frameworks",
				);
				MARKETING_VERSION = 1.0;
				PRODUCT_BUNDLE_IDENTIFIER = com.anand.AppUnitTest;
				PRODUCT_NAME = "$(TARGET_NAME)";
				SWIFT_EMIT_LOC_STRINGS = YES;
				SWIFT_VERSION = 5.0;
				TARGETED_DEVICE_FAMILY = "1,2";
			};
			name = Debug;
		};
		17E77F1B2D45389200BFA1A2 /* Release */ = {
			isa = XCBuildConfiguration;
			buildSettings = {
				ASSETCATALOG_COMPILER_APPICON_NAME = AppIcon;
				ASSETCATALOG_COMPILER_GLOBAL_ACCENT_COLOR_NAME = AccentColor;
				CODE_SIGN_STYLE = Automatic;
				CURRENT_PROJECT_VERSION = 1;
				DEVELOPMENT_ASSET_PATHS = "\"AppUnitTest/Preview Content\"";
				ENABLE_PREVIEWS = YES;
				GENERATE_INFOPLIST_FILE = YES;
				INFOPLIST_KEY_UIApplicationSceneManifest_Generation = YES;
				INFOPLIST_KEY_UIApplicationSupportsIndirectInputEvents = YES;
				INFOPLIST_KEY_UILaunchScreen_Generation = YES;
				INFOPLIST_KEY_UISupportedInterfaceOrientations_iPad = "UIInterfaceOrientationPortrait UIInterfaceOrientationPortraitUpsideDown UIInterfaceOrientationLandscapeLeft UIInterfaceOrientationLandscapeRight";
				INFOPLIST_KEY_UISupportedInterfaceOrientations_iPhone = "UIInterfaceOrientationPortrait UIInterfaceOrientationLandscapeLeft UIInterfaceOrientationLandscapeRight";
				LD_RUNPATH_SEARCH_PATHS = (
					"$(inherited)",
					"@executable_path/Frameworks",
				);
				MARKETING_VERSION = 1.0;
				PRODUCT_BUNDLE_IDENTIFIER = com.anand.AppUnitTest;
				PRODUCT_NAME = "$(TARGET_NAME)";
				SWIFT_EMIT_LOC_STRINGS = YES;
				SWIFT_VERSION = 5.0;
				TARGETED_DEVICE_FAMILY = "1,2";
			};
			name = Release;
		};
		17E77F1D2D45389200BFA1A2 /* Debug */ = {
			isa = XCBuildConfiguration;
			buildSettings = {
				ALWAYS_EMBED_SWIFT_STANDARD_LIBRARIES = YES;
				BUNDLE_LOADER = "$(TEST_HOST)";
				CODE_SIGN_STYLE = Automatic;
				CURRENT_PROJECT_VERSION = 1;
				GENERATE_INFOPLIST_FILE = YES;
				IPHONEOS_DEPLOYMENT_TARGET = 17.0;
				MARKETING_VERSION = 1.0;
				PRODUCT_BUNDLE_IDENTIFIER = com.anand.AppUnitTestTests;
				PRODUCT_NAME = "$(TARGET_NAME)";
				SWIFT_EMIT_LOC_STRINGS = NO;
				SWIFT_VERSION = 5.0;
				TARGETED_DEVICE_FAMILY = "1,2";
				TEST_HOST = "$(BUILT_PRODUCTS_DIR)/AppUnitTest.app/$(BUNDLE_EXECUTABLE_FOLDER_PATH)/AppUnitTest";
			};
			name = Debug;
		};
		17E77F1E2D45389200BFA1A2 /* Release */ = {
			isa = XCBuildConfiguration;
			buildSettings = {
				ALWAYS_EMBED_SWIFT_STANDARD_LIBRARIES = YES;
				BUNDLE_LOADER = "$(TEST_HOST)";
				CODE_SIGN_STYLE = Automatic;
				CURRENT_PROJECT_VERSION = 1;
				GENERATE_INFOPLIST_FILE = YES;
				IPHONEOS_DEPLOYMENT_TARGET = 17.0;
				MARKETING_VERSION = 1.0;
				PRODUCT_BUNDLE_IDENTIFIER = com.anand.AppUnitTestTests;
				PRODUCT_NAME = "$(TARGET_NAME)";
				SWIFT_EMIT_LOC_STRINGS = NO;
				SWIFT_VERSION = 5.0;
				TARGETED_DEVICE_FAMILY = "1,2";
				TEST_HOST = "$(BUILT_PRODUCTS_DIR)/AppUnitTest.app/$(BUNDLE_EXECUTABLE_FOLDER_PATH)/AppUnitTest";
			};
			name = Release;
		};
		17E77F202D45389200BFA1A2 /* Debug */ = {
			isa = XCBuildConfiguration;
			buildSettings = {
				ALWAYS_EMBED_SWIFT_STANDARD_LIBRARIES = YES;
				CODE_SIGN_STYLE = Automatic;
				CURRENT_PROJECT_VERSION = 1;
				GENERATE_INFOPLIST_FILE = YES;
				MARKETING_VERSION = 1.0;
				PRODUCT_BUNDLE_IDENTIFIER = com.anand.AppUnitTestUITests;
				PRODUCT_NAME = "$(TARGET_NAME)";
				SWIFT_EMIT_LOC_STRINGS = NO;
				SWIFT_VERSION = 5.0;
				TARGETED_DEVICE_FAMILY = "1,2";
				TEST_TARGET_NAME = AppUnitTest;
			};
			name = Debug;
		};
		17E77F212D45389200BFA1A2 /* Release */ = {
			isa = XCBuildConfiguration;
			buildSettings = {
				ALWAYS_EMBED_SWIFT_STANDARD_LIBRARIES = YES;
				CODE_SIGN_STYLE = Automatic;
				CURRENT_PROJECT_VERSION = 1;
				GENERATE_INFOPLIST_FILE = YES;
				MARKETING_VERSION = 1.0;
				PRODUCT_BUNDLE_IDENTIFIER = com.anand.AppUnitTestUITests;
				PRODUCT_NAME = "$(TARGET_NAME)";
				SWIFT_EMIT_LOC_STRINGS = NO;
				SWIFT_VERSION = 5.0;
				TARGETED_DEVICE_FAMILY = "1,2";
				TEST_TARGET_NAME = AppUnitTest;
			};
			name = Release;
		};
/* End XCBuildConfiguration section */

/* Begin XCConfigurationList section */
		17E77EF02D45388E00BFA1A2 /* Build configuration list for PBXProject "AppUnitTest" */ = {
			isa = XCConfigurationList;
			buildConfigurations = (
				17E77F172D45389200BFA1A2 /* Debug */,
				17E77F182D45389200BFA1A2 /* Release */,
			);
			defaultConfigurationIsVisible = 0;
			defaultConfigurationName = Release;
		};
		17E77F192D45389200BFA1A2 /* Build configuration list for PBXNativeTarget "AppUnitTest" */ = {
			isa = XCConfigurationList;
			buildConfigurations = (
				17E77F1A2D45389200BFA1A2 /* Debug */,
				17E77F1B2D45389200BFA1A2 /* Release */,
			);
			defaultConfigurationIsVisible = 0;
			defaultConfigurationName = Release;
		};
		17E77F1C2D45389200BFA1A2 /* Build configuration list for PBXNativeTarget "AppUnitTestTests" */ = {
			isa = XCConfigurationList;
			buildConfigurations = (
				17E77F1D2D45389200BFA1A2 /* Debug */,
				17E77F1E2D45389200BFA1A2 /* Release */,
			);
			defaultConfigurationIsVisible = 0;
			defaultConfigurationName = Release;
		};
		17E77F1F2D45389200BFA1A2 /* Build configuration list for PBXNativeTarget "AppUnitTestUITests" */ = {
			isa = XCConfigurationList;
			buildConfigurations = (
				17E77F202D45389200BFA1A2 /* Debug */,
				17E77F212D45389200BFA1A2 /* Release */,
			);
			defaultConfigurationIsVisible = 0;
			defaultConfigurationName = Release;
		};
/* End XCConfigurationList section */
	};
	rootObject = 17E77EED2D45388E00BFA1A2 /* Project object */;
}
